
Microsoft Visual Studio Solution File, Format Version 12.00
# Visual Studio Version 16
VisualStudioVersion = 16.0.28803.352
MinimumVisualStudioVersion = 10.0.40219.1
Project("{FAE04EC0-301F-11D3-BF4B-00C04F79EFBC}") = "TugasMCC_API", "TugasMCC_API\TugasMCC_API.csproj", "{2E71A94E-B9C7-4C34-B9A8-C5B67747AC33}"
EndProject
Global
	GlobalSection(SolutionConfigurationPlatforms) = preSolution
		Debug|Any CPU = Debug|Any CPU
		Release|Any CPU = Release|Any CPU
	EndGlobalSection
	GlobalSection(ProjectConfigurationPlatforms) = postSolution
		{2E71A94E-B9C7-4C34-B9A8-C5B67747AC33}.Debug|Any CPU.ActiveCfg = Debug|Any CPU
		{2E71A94E-B9C7-4C34-B9A8-C5B67747AC33}.Debug|Any CPU.Build.0 = Debug|Any CPU
		{2E71A94E-B9C7-4C34-B9A8-C5B67747AC33}.Release|Any CPU.ActiveCfg = Release|Any CPU
		{2E71A94E-B9C7-4C34-B9A8-C5B67747AC33}.Release|Any CPU.Build.0 = Release|Any CPU
	EndGlobalSection
	GlobalSection(SolutionProperties) = preSolution
		HideSolutionNode = FALSE
	EndGlobalSection
	GlobalSection(ExtensibilityGlobals) = postSolution
		SolutionGuid = {130F4D79-5A8A-49CD-9CD3-4A720DAFD371}
	EndGlobalSection
EndGlobal
